// !$*UTF8*$!
{
	archiveVersion = 1;
	classes = {
	};
	objectVersion = 46;
	objects = {

/* Begin PBXBuildFile section */
		745881A71BE747680062FCC2 /* main.m in Sources */ = {isa = PBXBuildFile; fileRef = 745881A61BE747680062FCC2 /* main.m */; };
		745881AA1BE747680062FCC2 /* AppDelegate.m in Sources */ = {isa = PBXBuildFile; fileRef = 745881A91BE747680062FCC2 /* AppDelegate.m */; };
		745881AD1BE747680062FCC2 /* NBHomeViewController.m in Sources */ = {isa = PBXBuildFile; fileRef = 745881AC1BE747680062FCC2 /* NBHomeViewController.m */; };
		745881B01BE747680062FCC2 /* Main.storyboard in Resources */ = {isa = PBXBuildFile; fileRef = 745881AE1BE747680062FCC2 /* Main.storyboard */; };
		745881B21BE747690062FCC2 /* Assets.xcassets in Resources */ = {isa = PBXBuildFile; fileRef = 745881B11BE747690062FCC2 /* Assets.xcassets */; };
		745881B51BE747690062FCC2 /* LaunchScreen.storyboard in Resources */ = {isa = PBXBuildFile; fileRef = 745881B31BE747690062FCC2 /* LaunchScreen.storyboard */; };
		745881C01BE747690062FCC2 /* NearbyTests.m in Sources */ = {isa = PBXBuildFile; fileRef = 745881BF1BE747690062FCC2 /* NearbyTests.m */; };
		745881CB1BE747690062FCC2 /* NearbyUITests.m in Sources */ = {isa = PBXBuildFile; fileRef = 745881CA1BE747690062FCC2 /* NearbyUITests.m */; };
		745881DA1BE76C590062FCC2 /* NBHomeCollectionViewCell.m in Sources */ = {isa = PBXBuildFile; fileRef = 745881D91BE76C590062FCC2 /* NBHomeCollectionViewCell.m */; settings = {ASSET_TAGS = (); }; };
		745881EF1BE88A8A0062FCC2 /* AFHTTPRequestOperation.m in Sources */ = {isa = PBXBuildFile; fileRef = 745881DD1BE88A8A0062FCC2 /* AFHTTPRequestOperation.m */; settings = {ASSET_TAGS = (); }; };
		745881F01BE88A8A0062FCC2 /* AFHTTPRequestOperationManager.m in Sources */ = {isa = PBXBuildFile; fileRef = 745881DF1BE88A8A0062FCC2 /* AFHTTPRequestOperationManager.m */; settings = {ASSET_TAGS = (); }; };
		745881F11BE88A8A0062FCC2 /* AFHTTPSessionManager.m in Sources */ = {isa = PBXBuildFile; fileRef = 745881E11BE88A8A0062FCC2 /* AFHTTPSessionManager.m */; settings = {ASSET_TAGS = (); }; };
		745881F21BE88A8A0062FCC2 /* AFNetworkReachabilityManager.m in Sources */ = {isa = PBXBuildFile; fileRef = 745881E41BE88A8A0062FCC2 /* AFNetworkReachabilityManager.m */; settings = {ASSET_TAGS = (); }; };
		745881F31BE88A8A0062FCC2 /* AFSecurityPolicy.m in Sources */ = {isa = PBXBuildFile; fileRef = 745881E61BE88A8A0062FCC2 /* AFSecurityPolicy.m */; settings = {ASSET_TAGS = (); }; };
		745881F41BE88A8A0062FCC2 /* AFURLConnectionOperation.m in Sources */ = {isa = PBXBuildFile; fileRef = 745881E81BE88A8A0062FCC2 /* AFURLConnectionOperation.m */; settings = {ASSET_TAGS = (); }; };
		745881F51BE88A8A0062FCC2 /* AFURLRequestSerialization.m in Sources */ = {isa = PBXBuildFile; fileRef = 745881EA1BE88A8A0062FCC2 /* AFURLRequestSerialization.m */; settings = {ASSET_TAGS = (); }; };
		745881F61BE88A8A0062FCC2 /* AFURLResponseSerialization.m in Sources */ = {isa = PBXBuildFile; fileRef = 745881EC1BE88A8A0062FCC2 /* AFURLResponseSerialization.m */; settings = {ASSET_TAGS = (); }; };
		745881F71BE88A8A0062FCC2 /* AFURLSessionManager.m in Sources */ = {isa = PBXBuildFile; fileRef = 745881EE1BE88A8A0062FCC2 /* AFURLSessionManager.m */; settings = {ASSET_TAGS = (); }; };
		745881FB1BE920FE0062FCC2 /* NBPlacesTableViewController.m in Sources */ = {isa = PBXBuildFile; fileRef = 745881FA1BE920FE0062FCC2 /* NBPlacesTableViewController.m */; settings = {ASSET_TAGS = (); }; };
		745881FE1BE9308D0062FCC2 /* NBPlacesTableViewCell.m in Sources */ = {isa = PBXBuildFile; fileRef = 745881FD1BE9308D0062FCC2 /* NBPlacesTableViewCell.m */; settings = {ASSET_TAGS = (); }; };
		745882061BE942090062FCC2 /* NBPlacesRequestManager.m in Sources */ = {isa = PBXBuildFile; fileRef = 745882051BE942090062FCC2 /* NBPlacesRequestManager.m */; settings = {ASSET_TAGS = (); }; };
		745882091BE9422E0062FCC2 /* NBPlacesModel.m in Sources */ = {isa = PBXBuildFile; fileRef = 745882081BE9422E0062FCC2 /* NBPlacesModel.m */; settings = {ASSET_TAGS = (); }; };
		7458820C1BE946AF0062FCC2 /* NBStateMachine.m in Sources */ = {isa = PBXBuildFile; fileRef = 7458820B1BE946AF0062FCC2 /* NBStateMachine.m */; settings = {ASSET_TAGS = (); }; };
		7458820F1BE9DC380062FCC2 /* NBLocationManager.m in Sources */ = {isa = PBXBuildFile; fileRef = 7458820E1BE9DC380062FCC2 /* NBLocationManager.m */; settings = {ASSET_TAGS = (); }; };
		745882121BE9F6200062FCC2 /* Default-568h@2x.png in Resources */ = {isa = PBXBuildFile; fileRef = 745882111BE9F6200062FCC2 /* Default-568h@2x.png */; settings = {ASSET_TAGS = (); }; };
/* End PBXBuildFile section */

/* Begin PBXContainerItemProxy section */
		745881BC1BE747690062FCC2 /* PBXContainerItemProxy */ = {
			isa = PBXContainerItemProxy;
			containerPortal = 7458819A1BE747670062FCC2 /* Project object */;
			proxyType = 1;
			remoteGlobalIDString = 745881A11BE747680062FCC2;
			remoteInfo = Nearby;
		};
		745881C71BE747690062FCC2 /* PBXContainerItemProxy */ = {
			isa = PBXContainerItemProxy;
			containerPortal = 7458819A1BE747670062FCC2 /* Project object */;
			proxyType = 1;
			remoteGlobalIDString = 745881A11BE747680062FCC2;
			remoteInfo = Nearby;
		};
/* End PBXContainerItemProxy section */

/* Begin PBXFileReference section */
		745881A21BE747680062FCC2 /* Nearby.app */ = {isa = PBXFileReference; explicitFileType = wrapper.application; includeInIndex = 0; path = Nearby.app; sourceTree = BUILT_PRODUCTS_DIR; };
		745881A61BE747680062FCC2 /* main.m */ = {isa = PBXFileReference; lastKnownFileType = sourcecode.c.objc; path = main.m; sourceTree = "<group>"; };
		745881A81BE747680062FCC2 /* AppDelegate.h */ = {isa = PBXFileReference; lastKnownFileType = sourcecode.c.h; path = AppDelegate.h; sourceTree = "<group>"; };
		745881A91BE747680062FCC2 /* AppDelegate.m */ = {isa = PBXFileReference; lastKnownFileType = sourcecode.c.objc; path = AppDelegate.m; sourceTree = "<group>"; };
		745881AB1BE747680062FCC2 /* NBHomeViewController.h */ = {isa = PBXFileReference; lastKnownFileType = sourcecode.c.h; name = NBHomeViewController.h; path = NBHome/NBHomeViewController.h; sourceTree = "<group>"; };
		745881AC1BE747680062FCC2 /* NBHomeViewController.m */ = {isa = PBXFileReference; lastKnownFileType = sourcecode.c.objc; name = NBHomeViewController.m; path = NBHome/NBHomeViewController.m; sourceTree = "<group>"; };
		745881AF1BE747680062FCC2 /* Base */ = {isa = PBXFileReference; lastKnownFileType = file.storyboard; name = Base; path = Base.lproj/Main.storyboard; sourceTree = "<group>"; };
		745881B11BE747690062FCC2 /* Assets.xcassets */ = {isa = PBXFileReference; lastKnownFileType = folder.assetcatalog; path = Assets.xcassets; sourceTree = "<group>"; };
		745881B41BE747690062FCC2 /* Base */ = {isa = PBXFileReference; lastKnownFileType = file.storyboard; name = Base; path = Base.lproj/LaunchScreen.storyboard; sourceTree = "<group>"; };
		745881B61BE747690062FCC2 /* Info.plist */ = {isa = PBXFileReference; lastKnownFileType = text.plist.xml; path = Info.plist; sourceTree = "<group>"; };
		745881BB1BE747690062FCC2 /* NearbyTests.xctest */ = {isa = PBXFileReference; explicitFileType = wrapper.cfbundle; includeInIndex = 0; path = NearbyTests.xctest; sourceTree = BUILT_PRODUCTS_DIR; };
		745881BF1BE747690062FCC2 /* NearbyTests.m */ = {isa = PBXFileReference; lastKnownFileType = sourcecode.c.objc; path = NearbyTests.m; sourceTree = "<group>"; };
		745881C11BE747690062FCC2 /* Info.plist */ = {isa = PBXFileReference; lastKnownFileType = text.plist.xml; path = Info.plist; sourceTree = "<group>"; };
		745881C61BE747690062FCC2 /* NearbyUITests.xctest */ = {isa = PBXFileReference; explicitFileType = wrapper.cfbundle; includeInIndex = 0; path = NearbyUITests.xctest; sourceTree = BUILT_PRODUCTS_DIR; };
		745881CA1BE747690062FCC2 /* NearbyUITests.m */ = {isa = PBXFileReference; lastKnownFileType = sourcecode.c.objc; path = NearbyUITests.m; sourceTree = "<group>"; };
		745881CC1BE747690062FCC2 /* Info.plist */ = {isa = PBXFileReference; lastKnownFileType = text.plist.xml; path = Info.plist; sourceTree = "<group>"; };
		745881D81BE76C590062FCC2 /* NBHomeCollectionViewCell.h */ = {isa = PBXFileReference; fileEncoding = 4; lastKnownFileType = sourcecode.c.h; name = NBHomeCollectionViewCell.h; path = NBHome/NBHomeCollectionViewCell.h; sourceTree = "<group>"; };
		745881D91BE76C590062FCC2 /* NBHomeCollectionViewCell.m */ = {isa = PBXFileReference; fileEncoding = 4; lastKnownFileType = sourcecode.c.objc; name = NBHomeCollectionViewCell.m; path = NBHome/NBHomeCollectionViewCell.m; sourceTree = "<group>"; };
		745881DC1BE88A8A0062FCC2 /* AFHTTPRequestOperation.h */ = {isa = PBXFileReference; fileEncoding = 4; lastKnownFileType = sourcecode.c.h; path = AFHTTPRequestOperation.h; sourceTree = "<group>"; };
		745881DD1BE88A8A0062FCC2 /* AFHTTPRequestOperation.m */ = {isa = PBXFileReference; fileEncoding = 4; lastKnownFileType = sourcecode.c.objc; path = AFHTTPRequestOperation.m; sourceTree = "<group>"; };
		745881DE1BE88A8A0062FCC2 /* AFHTTPRequestOperationManager.h */ = {isa = PBXFileReference; fileEncoding = 4; lastKnownFileType = sourcecode.c.h; path = AFHTTPRequestOperationManager.h; sourceTree = "<group>"; };
		745881DF1BE88A8A0062FCC2 /* AFHTTPRequestOperationManager.m */ = {isa = PBXFileReference; fileEncoding = 4; lastKnownFileType = sourcecode.c.objc; path = AFHTTPRequestOperationManager.m; sourceTree = "<group>"; };
		745881E01BE88A8A0062FCC2 /* AFHTTPSessionManager.h */ = {isa = PBXFileReference; fileEncoding = 4; lastKnownFileType = sourcecode.c.h; path = AFHTTPSessionManager.h; sourceTree = "<group>"; };
		745881E11BE88A8A0062FCC2 /* AFHTTPSessionManager.m */ = {isa = PBXFileReference; fileEncoding = 4; lastKnownFileType = sourcecode.c.objc; path = AFHTTPSessionManager.m; sourceTree = "<group>"; };
		745881E21BE88A8A0062FCC2 /* AFNetworking.h */ = {isa = PBXFileReference; fileEncoding = 4; lastKnownFileType = sourcecode.c.h; path = AFNetworking.h; sourceTree = "<group>"; };
		745881E31BE88A8A0062FCC2 /* AFNetworkReachabilityManager.h */ = {isa = PBXFileReference; fileEncoding = 4; lastKnownFileType = sourcecode.c.h; path = AFNetworkReachabilityManager.h; sourceTree = "<group>"; };
		745881E41BE88A8A0062FCC2 /* AFNetworkReachabilityManager.m */ = {isa = PBXFileReference; fileEncoding = 4; lastKnownFileType = sourcecode.c.objc; path = AFNetworkReachabilityManager.m; sourceTree = "<group>"; };
		745881E51BE88A8A0062FCC2 /* AFSecurityPolicy.h */ = {isa = PBXFileReference; fileEncoding = 4; lastKnownFileType = sourcecode.c.h; path = AFSecurityPolicy.h; sourceTree = "<group>"; };
		745881E61BE88A8A0062FCC2 /* AFSecurityPolicy.m */ = {isa = PBXFileReference; fileEncoding = 4; lastKnownFileType = sourcecode.c.objc; path = AFSecurityPolicy.m; sourceTree = "<group>"; };
		745881E71BE88A8A0062FCC2 /* AFURLConnectionOperation.h */ = {isa = PBXFileReference; fileEncoding = 4; lastKnownFileType = sourcecode.c.h; path = AFURLConnectionOperation.h; sourceTree = "<group>"; };
		745881E81BE88A8A0062FCC2 /* AFURLConnectionOperation.m */ = {isa = PBXFileReference; fileEncoding = 4; lastKnownFileType = sourcecode.c.objc; path = AFURLConnectionOperation.m; sourceTree = "<group>"; };
		745881E91BE88A8A0062FCC2 /* AFURLRequestSerialization.h */ = {isa = PBXFileReference; fileEncoding = 4; lastKnownFileType = sourcecode.c.h; path = AFURLRequestSerialization.h; sourceTree = "<group>"; };
		745881EA1BE88A8A0062FCC2 /* AFURLRequestSerialization.m */ = {isa = PBXFileReference; fileEncoding = 4; lastKnownFileType = sourcecode.c.objc; path = AFURLRequestSerialization.m; sourceTree = "<group>"; };
		745881EB1BE88A8A0062FCC2 /* AFURLResponseSerialization.h */ = {isa = PBXFileReference; fileEncoding = 4; lastKnownFileType = sourcecode.c.h; path = AFURLResponseSerialization.h; sourceTree = "<group>"; };
		745881EC1BE88A8A0062FCC2 /* AFURLResponseSerialization.m */ = {isa = PBXFileReference; fileEncoding = 4; lastKnownFileType = sourcecode.c.objc; path = AFURLResponseSerialization.m; sourceTree = "<group>"; };
		745881ED1BE88A8A0062FCC2 /* AFURLSessionManager.h */ = {isa = PBXFileReference; fileEncoding = 4; lastKnownFileType = sourcecode.c.h; path = AFURLSessionManager.h; sourceTree = "<group>"; };
		745881EE1BE88A8A0062FCC2 /* AFURLSessionManager.m */ = {isa = PBXFileReference; fileEncoding = 4; lastKnownFileType = sourcecode.c.objc; path = AFURLSessionManager.m; sourceTree = "<group>"; };
		745881F81BE895ED0062FCC2 /* NBUIConstants.h */ = {isa = PBXFileReference; fileEncoding = 4; lastKnownFileType = sourcecode.c.h; path = NBUIConstants.h; sourceTree = "<group>"; };
		745881F91BE920FE0062FCC2 /* NBPlacesTableViewController.h */ = {isa = PBXFileReference; fileEncoding = 4; lastKnownFileType = sourcecode.c.h; name = NBPlacesTableViewController.h; path = NBPlaces/NBPlacesTableViewController.h; sourceTree = "<group>"; };
		745881FA1BE920FE0062FCC2 /* NBPlacesTableViewController.m */ = {isa = PBXFileReference; fileEncoding = 4; lastKnownFileType = sourcecode.c.objc; name = NBPlacesTableViewController.m; path = NBPlaces/NBPlacesTableViewController.m; sourceTree = "<group>"; };
		745881FC1BE9308D0062FCC2 /* NBPlacesTableViewCell.h */ = {isa = PBXFileReference; fileEncoding = 4; lastKnownFileType = sourcecode.c.h; name = NBPlacesTableViewCell.h; path = NBPlaces/NBPlacesTableViewCell.h; sourceTree = "<group>"; };
		745881FD1BE9308D0062FCC2 /* NBPlacesTableViewCell.m */ = {isa = PBXFileReference; fileEncoding = 4; lastKnownFileType = sourcecode.c.objc; name = NBPlacesTableViewCell.m; path = NBPlaces/NBPlacesTableViewCell.m; sourceTree = "<group>"; };
		745882041BE942090062FCC2 /* NBPlacesRequestManager.h */ = {isa = PBXFileReference; fileEncoding = 4; lastKnownFileType = sourcecode.c.h; name = NBPlacesRequestManager.h; path = NBPlaces/NBPlacesAPI/NBPlacesRequestManager.h; sourceTree = "<group>"; };
		745882051BE942090062FCC2 /* NBPlacesRequestManager.m */ = {isa = PBXFileReference; fileEncoding = 4; lastKnownFileType = sourcecode.c.objc; name = NBPlacesRequestManager.m; path = NBPlaces/NBPlacesAPI/NBPlacesRequestManager.m; sourceTree = "<group>"; };
		745882071BE9422E0062FCC2 /* NBPlacesModel.h */ = {isa = PBXFileReference; fileEncoding = 4; lastKnownFileType = sourcecode.c.h; name = NBPlacesModel.h; path = NBPlaces/NBPlacesModel/NBPlacesModel.h; sourceTree = "<group>"; };
		745882081BE9422E0062FCC2 /* NBPlacesModel.m */ = {isa = PBXFileReference; fileEncoding = 4; lastKnownFileType = sourcecode.c.objc; name = NBPlacesModel.m; path = NBPlaces/NBPlacesModel/NBPlacesModel.m; sourceTree = "<group>"; };
		7458820A1BE946AF0062FCC2 /* NBStateMachine.h */ = {isa = PBXFileReference; fileEncoding = 4; lastKnownFileType = sourcecode.c.h; name = NBStateMachine.h; path = NBStateMachine/NBStateMachine.h; sourceTree = "<group>"; };
		7458820B1BE946AF0062FCC2 /* NBStateMachine.m */ = {isa = PBXFileReference; fileEncoding = 4; lastKnownFileType = sourcecode.c.objc; name = NBStateMachine.m; path = NBStateMachine/NBStateMachine.m; sourceTree = "<group>"; };
		7458820D1BE9DC380062FCC2 /* NBLocationManager.h */ = {isa = PBXFileReference; fileEncoding = 4; lastKnownFileType = sourcecode.c.h; path = NBLocationManager.h; sourceTree = "<group>"; };
		7458820E1BE9DC380062FCC2 /* NBLocationManager.m */ = {isa = PBXFileReference; fileEncoding = 4; lastKnownFileType = sourcecode.c.objc; path = NBLocationManager.m; sourceTree = "<group>"; };
		745882111BE9F6200062FCC2 /* Default-568h@2x.png */ = {isa = PBXFileReference; lastKnownFileType = image.png; path = "Default-568h@2x.png"; sourceTree = "<group>"; };
/* End PBXFileReference section */

/* Begin PBXFrameworksBuildPhase section */
		7458819F1BE747680062FCC2 /* Frameworks */ = {
			isa = PBXFrameworksBuildPhase;
			buildActionMask = 2147483647;
			files = (
			);
			runOnlyForDeploymentPostprocessing = 0;
		};
		745881B81BE747690062FCC2 /* Frameworks */ = {
			isa = PBXFrameworksBuildPhase;
			buildActionMask = 2147483647;
			files = (
			);
			runOnlyForDeploymentPostprocessing = 0;
		};
		745881C31BE747690062FCC2 /* Frameworks */ = {
			isa = PBXFrameworksBuildPhase;
			buildActionMask = 2147483647;
			files = (
			);
			runOnlyForDeploymentPostprocessing = 0;
		};
/* End PBXFrameworksBuildPhase section */

/* Begin PBXGroup section */
		745881991BE747670062FCC2 = {
			isa = PBXGroup;
			children = (
				745881A41BE747680062FCC2 /* Nearby */,
				745881BE1BE747690062FCC2 /* NearbyTests */,
				745881C91BE747690062FCC2 /* NearbyUITests */,
				745881A31BE747680062FCC2 /* Products */,
			);
			sourceTree = "<group>";
		};
		745881A31BE747680062FCC2 /* Products */ = {
			isa = PBXGroup;
			children = (
				745881A21BE747680062FCC2 /* Nearby.app */,
				745881BB1BE747690062FCC2 /* NearbyTests.xctest */,
				745881C61BE747690062FCC2 /* NearbyUITests.xctest */,
			);
			name = Products;
			sourceTree = "<group>";
		};
		745881A41BE747680062FCC2 /* Nearby */ = {
			isa = PBXGroup;
			children = (
				745881FF1BE93F750062FCC2 /* Misc */,
				745881AE1BE747680062FCC2 /* Main.storyboard */,
				745882001BE93F850062FCC2 /* NBHome */,
				745882011BE93FA80062FCC2 /* NBPlaces */,
				745881DB1BE88A8A0062FCC2 /* AFNetworking */,
				745881A51BE747680062FCC2 /* Supporting Files */,
			);
			path = Nearby;
			sourceTree = "<group>";
		};
		745881A51BE747680062FCC2 /* Supporting Files */ = {
			isa = PBXGroup;
			children = (
				745881A61BE747680062FCC2 /* main.m */,
				745881F81BE895ED0062FCC2 /* NBUIConstants.h */,
			);
			name = "Supporting Files";
			sourceTree = "<group>";
		};
		745881BE1BE747690062FCC2 /* NearbyTests */ = {
			isa = PBXGroup;
			children = (
				745881BF1BE747690062FCC2 /* NearbyTests.m */,
				745881C11BE747690062FCC2 /* Info.plist */,
			);
			path = NearbyTests;
			sourceTree = "<group>";
		};
		745881C91BE747690062FCC2 /* NearbyUITests */ = {
			isa = PBXGroup;
			children = (
				745881CA1BE747690062FCC2 /* NearbyUITests.m */,
				745881CC1BE747690062FCC2 /* Info.plist */,
			);
			path = NearbyUITests;
			sourceTree = "<group>";
		};
		745881DB1BE88A8A0062FCC2 /* AFNetworking */ = {
			isa = PBXGroup;
			children = (
				745881DC1BE88A8A0062FCC2 /* AFHTTPRequestOperation.h */,
				745881DD1BE88A8A0062FCC2 /* AFHTTPRequestOperation.m */,
				745881DE1BE88A8A0062FCC2 /* AFHTTPRequestOperationManager.h */,
				745881DF1BE88A8A0062FCC2 /* AFHTTPRequestOperationManager.m */,
				745881E01BE88A8A0062FCC2 /* AFHTTPSessionManager.h */,
				745881E11BE88A8A0062FCC2 /* AFHTTPSessionManager.m */,
				745881E21BE88A8A0062FCC2 /* AFNetworking.h */,
				745881E31BE88A8A0062FCC2 /* AFNetworkReachabilityManager.h */,
				745881E41BE88A8A0062FCC2 /* AFNetworkReachabilityManager.m */,
				745881E51BE88A8A0062FCC2 /* AFSecurityPolicy.h */,
				745881E61BE88A8A0062FCC2 /* AFSecurityPolicy.m */,
				745881E71BE88A8A0062FCC2 /* AFURLConnectionOperation.h */,
				745881E81BE88A8A0062FCC2 /* AFURLConnectionOperation.m */,
				745881E91BE88A8A0062FCC2 /* AFURLRequestSerialization.h */,
				745881EA1BE88A8A0062FCC2 /* AFURLRequestSerialization.m */,
				745881EB1BE88A8A0062FCC2 /* AFURLResponseSerialization.h */,
				745881EC1BE88A8A0062FCC2 /* AFURLResponseSerialization.m */,
				745881ED1BE88A8A0062FCC2 /* AFURLSessionManager.h */,
				745881EE1BE88A8A0062FCC2 /* AFURLSessionManager.m */,
			);
			path = AFNetworking;
			sourceTree = "<group>";
		};
		745881FF1BE93F750062FCC2 /* Misc */ = {
			isa = PBXGroup;
			children = (
				745882101BE9F6200062FCC2 /* Assets */,
				745881B11BE747690062FCC2 /* Assets.xcassets */,
				745881B31BE747690062FCC2 /* LaunchScreen.storyboard */,
				745881B61BE747690062FCC2 /* Info.plist */,
				745881A81BE747680062FCC2 /* AppDelegate.h */,
				745881A91BE747680062FCC2 /* AppDelegate.m */,
				7458820A1BE946AF0062FCC2 /* NBStateMachine.h */,
				7458820B1BE946AF0062FCC2 /* NBStateMachine.m */,
				7458820D1BE9DC380062FCC2 /* NBLocationManager.h */,
				7458820E1BE9DC380062FCC2 /* NBLocationManager.m */,
			);
			name = Misc;
			sourceTree = "<group>";
		};
		745882001BE93F850062FCC2 /* NBHome */ = {
			isa = PBXGroup;
			children = (
				745881AB1BE747680062FCC2 /* NBHomeViewController.h */,
				745881AC1BE747680062FCC2 /* NBHomeViewController.m */,
				745881D81BE76C590062FCC2 /* NBHomeCollectionViewCell.h */,
				745881D91BE76C590062FCC2 /* NBHomeCollectionViewCell.m */,
			);
			name = NBHome;
			sourceTree = "<group>";
		};
		745882011BE93FA80062FCC2 /* NBPlaces */ = {
			isa = PBXGroup;
			children = (
				745881F91BE920FE0062FCC2 /* NBPlacesTableViewController.h */,
				745881FA1BE920FE0062FCC2 /* NBPlacesTableViewController.m */,
				745881FC1BE9308D0062FCC2 /* NBPlacesTableViewCell.h */,
				745881FD1BE9308D0062FCC2 /* NBPlacesTableViewCell.m */,
				745882021BE9413A0062FCC2 /* NBPlacesAPI */,
				745882031BE941AA0062FCC2 /* NBPlacesModel */,
			);
			name = NBPlaces;
			sourceTree = "<group>";
		};
		745882021BE9413A0062FCC2 /* NBPlacesAPI */ = {
			isa = PBXGroup;
			children = (
				745882041BE942090062FCC2 /* NBPlacesRequestManager.h */,
				745882051BE942090062FCC2 /* NBPlacesRequestManager.m */,
			);
			name = NBPlacesAPI;
			sourceTree = "<group>";
		};
		745882031BE941AA0062FCC2 /* NBPlacesModel */ = {
			isa = PBXGroup;
			children = (
				745882071BE9422E0062FCC2 /* NBPlacesModel.h */,
				745882081BE9422E0062FCC2 /* NBPlacesModel.m */,
			);
			name = NBPlacesModel;
			sourceTree = "<group>";
		};
		745882101BE9F6200062FCC2 /* Assets */ = {
			isa = PBXGroup;
			children = (
				745882111BE9F6200062FCC2 /* Default-568h@2x.png */,
			);
			path = Assets;
			sourceTree = "<group>";
		};
/* End PBXGroup section */

/* Begin PBXNativeTarget section */
		745881A11BE747680062FCC2 /* Nearby */ = {
			isa = PBXNativeTarget;
			buildConfigurationList = 745881CF1BE747690062FCC2 /* Build configuration list for PBXNativeTarget "Nearby" */;
			buildPhases = (
				7458819E1BE747680062FCC2 /* Sources */,
				7458819F1BE747680062FCC2 /* Frameworks */,
				745881A01BE747680062FCC2 /* Resources */,
			);
			buildRules = (
			);
			dependencies = (
			);
			name = Nearby;
			productName = Nearby;
			productReference = 745881A21BE747680062FCC2 /* Nearby.app */;
			productType = "com.apple.product-type.application";
		};
		745881BA1BE747690062FCC2 /* NearbyTests */ = {
			isa = PBXNativeTarget;
			buildConfigurationList = 745881D21BE747690062FCC2 /* Build configuration list for PBXNativeTarget "NearbyTests" */;
			buildPhases = (
				745881B71BE747690062FCC2 /* Sources */,
				745881B81BE747690062FCC2 /* Frameworks */,
				745881B91BE747690062FCC2 /* Resources */,
			);
			buildRules = (
			);
			dependencies = (
				745881BD1BE747690062FCC2 /* PBXTargetDependency */,
			);
			name = NearbyTests;
			productName = NearbyTests;
			productReference = 745881BB1BE747690062FCC2 /* NearbyTests.xctest */;
			productType = "com.apple.product-type.bundle.unit-test";
		};
		745881C51BE747690062FCC2 /* NearbyUITests */ = {
			isa = PBXNativeTarget;
			buildConfigurationList = 745881D51BE747690062FCC2 /* Build configuration list for PBXNativeTarget "NearbyUITests" */;
			buildPhases = (
				745881C21BE747690062FCC2 /* Sources */,
				745881C31BE747690062FCC2 /* Frameworks */,
				745881C41BE747690062FCC2 /* Resources */,
			);
			buildRules = (
			);
			dependencies = (
				745881C81BE747690062FCC2 /* PBXTargetDependency */,
			);
			name = NearbyUITests;
			productName = NearbyUITests;
			productReference = 745881C61BE747690062FCC2 /* NearbyUITests.xctest */;
			productType = "com.apple.product-type.bundle.ui-testing";
		};
/* End PBXNativeTarget section */

/* Begin PBXProject section */
		7458819A1BE747670062FCC2 /* Project object */ = {
			isa = PBXProject;
			attributes = {
				LastUpgradeCheck = 0700;
				ORGANIZATIONNAME = Elanic;
				TargetAttributes = {
					745881A11BE747680062FCC2 = {
						CreatedOnToolsVersion = 7.0.1;
					};
					745881BA1BE747690062FCC2 = {
						CreatedOnToolsVersion = 7.0.1;
						TestTargetID = 745881A11BE747680062FCC2;
					};
					745881C51BE747690062FCC2 = {
						CreatedOnToolsVersion = 7.0.1;
						TestTargetID = 745881A11BE747680062FCC2;
					};
				};
			};
			buildConfigurationList = 7458819D1BE747670062FCC2 /* Build configuration list for PBXProject "Nearby" */;
			compatibilityVersion = "Xcode 3.2";
			developmentRegion = English;
			hasScannedForEncodings = 0;
			knownRegions = (
				en,
				Base,
			);
			mainGroup = 745881991BE747670062FCC2;
			productRefGroup = 745881A31BE747680062FCC2 /* Products */;
			projectDirPath = "";
			projectRoot = "";
			targets = (
				745881A11BE747680062FCC2 /* Nearby */,
				745881BA1BE747690062FCC2 /* NearbyTests */,
				745881C51BE747690062FCC2 /* NearbyUITests */,
			);
		};
/* End PBXProject section */

/* Begin PBXResourcesBuildPhase section */
		745881A01BE747680062FCC2 /* Resources */ = {
			isa = PBXResourcesBuildPhase;
			buildActionMask = 2147483647;
			files = (
				745881B51BE747690062FCC2 /* LaunchScreen.storyboard in Resources */,
				745882121BE9F6200062FCC2 /* Default-568h@2x.png in Resources */,
				745881B21BE747690062FCC2 /* Assets.xcassets in Resources */,
				745881B01BE747680062FCC2 /* Main.storyboard in Resources */,
			);
			runOnlyForDeploymentPostprocessing = 0;
		};
		745881B91BE747690062FCC2 /* Resources */ = {
			isa = PBXResourcesBuildPhase;
			buildActionMask = 2147483647;
			files = (
			);
			runOnlyForDeploymentPostprocessing = 0;
		};
		745881C41BE747690062FCC2 /* Resources */ = {
			isa = PBXResourcesBuildPhase;
			buildActionMask = 2147483647;
			files = (
			);
			runOnlyForDeploymentPostprocessing = 0;
		};
/* End PBXResourcesBuildPhase section */

/* Begin PBXSourcesBuildPhase section */
		7458819E1BE747680062FCC2 /* Sources */ = {
			isa = PBXSourcesBuildPhase;
			buildActionMask = 2147483647;
			files = (
				745881AD1BE747680062FCC2 /* NBHomeViewController.m in Sources */,
				745881F31BE88A8A0062FCC2 /* AFSecurityPolicy.m in Sources */,
				745881FE1BE9308D0062FCC2 /* NBPlacesTableViewCell.m in Sources */,
				745881DA1BE76C590062FCC2 /* NBHomeCollectionViewCell.m in Sources */,
				745881F01BE88A8A0062FCC2 /* AFHTTPRequestOperationManager.m in Sources */,
				745881F41BE88A8A0062FCC2 /* AFURLConnectionOperation.m in Sources */,
				745881EF1BE88A8A0062FCC2 /* AFHTTPRequestOperation.m in Sources */,
				745881AA1BE747680062FCC2 /* AppDelegate.m in Sources */,
				745881F51BE88A8A0062FCC2 /* AFURLRequestSerialization.m in Sources */,
				745881FB1BE920FE0062FCC2 /* NBPlacesTableViewController.m in Sources */,
				745881F11BE88A8A0062FCC2 /* AFHTTPSessionManager.m in Sources */,
				745881F21BE88A8A0062FCC2 /* AFNetworkReachabilityManager.m in Sources */,
				745881F61BE88A8A0062FCC2 /* AFURLResponseSerialization.m in Sources */,
				7458820F1BE9DC380062FCC2 /* NBLocationManager.m in Sources */,
				745882091BE9422E0062FCC2 /* NBPlacesModel.m in Sources */,
				745881F71BE88A8A0062FCC2 /* AFURLSessionManager.m in Sources */,
				745881A71BE747680062FCC2 /* main.m in Sources */,
				745882061BE942090062FCC2 /* NBPlacesRequestManager.m in Sources */,
				7458820C1BE946AF0062FCC2 /* NBStateMachine.m in Sources */,
			);
			runOnlyForDeploymentPostprocessing = 0;
		};
		745881B71BE747690062FCC2 /* Sources */ = {
			isa = PBXSourcesBuildPhase;
			buildActionMask = 2147483647;
			files = (
				745881C01BE747690062FCC2 /* NearbyTests.m in Sources */,
			);
			runOnlyForDeploymentPostprocessing = 0;
		};
		745881C21BE747690062FCC2 /* Sources */ = {
			isa = PBXSourcesBuildPhase;
			buildActionMask = 2147483647;
			files = (
				745881CB1BE747690062FCC2 /* NearbyUITests.m in Sources */,
			);
			runOnlyForDeploymentPostprocessing = 0;
		};
/* End PBXSourcesBuildPhase section */

/* Begin PBXTargetDependency section */
		745881BD1BE747690062FCC2 /* PBXTargetDependency */ = {
			isa = PBXTargetDependency;
			target = 745881A11BE747680062FCC2 /* Nearby */;
			targetProxy = 745881BC1BE747690062FCC2 /* PBXContainerItemProxy */;
		};
		745881C81BE747690062FCC2 /* PBXTargetDependency */ = {
			isa = PBXTargetDependency;
			target = 745881A11BE747680062FCC2 /* Nearby */;
			targetProxy = 745881C71BE747690062FCC2 /* PBXContainerItemProxy */;
		};
/* End PBXTargetDependency section */

/* Begin PBXVariantGroup section */
		745881AE1BE747680062FCC2 /* Main.storyboard */ = {
			isa = PBXVariantGroup;
			children = (
				745881AF1BE747680062FCC2 /* Base */,
			);
			name = Main.storyboard;
			sourceTree = "<group>";
		};
		745881B31BE747690062FCC2 /* LaunchScreen.storyboard */ = {
			isa = PBXVariantGroup;
			children = (
				745881B41BE747690062FCC2 /* Base */,
			);
			name = LaunchScreen.storyboard;
			sourceTree = "<group>";
		};
/* End PBXVariantGroup section */

/* Begin XCBuildConfiguration section */
		745881CD1BE747690062FCC2 /* Debug */ = {
			isa = XCBuildConfiguration;
			buildSettings = {
				ALWAYS_SEARCH_USER_PATHS = NO;
				CLANG_CXX_LANGUAGE_STANDARD = "gnu++0x";
				CLANG_CXX_LIBRARY = "libc++";
				CLANG_ENABLE_MODULES = YES;
				CLANG_ENABLE_OBJC_ARC = YES;
				CLANG_WARN_BOOL_CONVERSION = YES;
				CLANG_WARN_CONSTANT_CONVERSION = YES;
				CLANG_WARN_DIRECT_OBJC_ISA_USAGE = YES_ERROR;
				CLANG_WARN_EMPTY_BODY = YES;
				CLANG_WARN_ENUM_CONVERSION = YES;
				CLANG_WARN_INT_CONVERSION = YES;
				CLANG_WARN_OBJC_ROOT_CLASS = YES_ERROR;
				CLANG_WARN_UNREACHABLE_CODE = YES;
				CLANG_WARN__DUPLICATE_METHOD_MATCH = YES;
				"CODE_SIGN_IDENTITY[sdk=iphoneos*]" = "iPhone Developer";
				COPY_PHASE_STRIP = NO;
				DEBUG_INFORMATION_FORMAT = dwarf;
				ENABLE_STRICT_OBJC_MSGSEND = YES;
				ENABLE_TESTABILITY = YES;
				GCC_C_LANGUAGE_STANDARD = gnu99;
				GCC_DYNAMIC_NO_PIC = NO;
				GCC_NO_COMMON_BLOCKS = YES;
				GCC_OPTIMIZATION_LEVEL = 0;
				GCC_PREPROCESSOR_DEFINITIONS = (
					"DEBUG=1",
					"$(inherited)",
				);
				GCC_WARN_64_TO_32_BIT_CONVERSION = YES;
				GCC_WARN_ABOUT_RETURN_TYPE = YES_ERROR;
				GCC_WARN_UNDECLARED_SELECTOR = YES;
				GCC_WARN_UNINITIALIZED_AUTOS = YES_AGGRESSIVE;
				GCC_WARN_UNUSED_FUNCTION = YES;
				GCC_WARN_UNUSED_VARIABLE = YES;
				IPHONEOS_DEPLOYMENT_TARGET = 9.0;
				MTL_ENABLE_DEBUG_INFO = YES;
				ONLY_ACTIVE_ARCH = YES;
				SDKROOT = iphoneos;
			};
			name = Debug;
		};
		745881CE1BE747690062FCC2 /* Release */ = {
			isa = XCBuildConfiguration;
			buildSettings = {
				ALWAYS_SEARCH_USER_PATHS = NO;
				CLANG_CXX_LANGUAGE_STANDARD = "gnu++0x";
				CLANG_CXX_LIBRARY = "libc++";
				CLANG_ENABLE_MODULES = YES;
				CLANG_ENABLE_OBJC_ARC = YES;
				CLANG_WARN_BOOL_CONVERSION = YES;
				CLANG_WARN_CONSTANT_CONVERSION = YES;
				CLANG_WARN_DIRECT_OBJC_ISA_USAGE = YES_ERROR;
				CLANG_WARN_EMPTY_BODY = YES;
				CLANG_WARN_ENUM_CONVERSION = YES;
				CLANG_WARN_INT_CONVERSION = YES;
				CLANG_WARN_OBJC_ROOT_CLASS = YES_ERROR;
				CLANG_WARN_UNREACHABLE_CODE = YES;
				CLANG_WARN__DUPLICATE_METHOD_MATCH = YES;
				"CODE_SIGN_IDENTITY[sdk=iphoneos*]" = "iPhone Developer";
				COPY_PHASE_STRIP = NO;
				DEBUG_INFORMATION_FORMAT = "dwarf-with-dsym";
				ENABLE_NS_ASSERTIONS = NO;
				ENABLE_STRICT_OBJC_MSGSEND = YES;
				GCC_C_LANGUAGE_STANDARD = gnu99;
				GCC_NO_COMMON_BLOCKS = YES;
				GCC_WARN_64_TO_32_BIT_CONVERSION = YES;
				GCC_WARN_ABOUT_RETURN_TYPE = YES_ERROR;
				GCC_WARN_UNDECLARED_SELECTOR = YES;
				GCC_WARN_UNINITIALIZED_AUTOS = YES_AGGRESSIVE;
				GCC_WARN_UNUSED_FUNCTION = YES;
				GCC_WARN_UNUSED_VARIABLE = YES;
				IPHONEOS_DEPLOYMENT_TARGET = 9.0;
				MTL_ENABLE_DEBUG_INFO = NO;
				SDKROOT = iphoneos;
				VALIDATE_PRODUCT = YES;
			};
			name = Release;
		};
		745881D01BE747690062FCC2 /* Debug */ = {
			isa = XCBuildConfiguration;
			buildSettings = {
				ASSETCATALOG_COMPILER_APPICON_NAME = AppIcon;
				ASSETCATALOG_COMPILER_LAUNCHIMAGE_NAME = BrandAsset;
				INFOPLIST_FILE = Nearby/Info.plist;
				IPHONEOS_DEPLOYMENT_TARGET = 7.1;
				LD_RUNPATH_SEARCH_PATHS = "$(inherited) @executable_path/Frameworks";
				PRODUCT_BUNDLE_IDENTIFIER = EL.Nearby;
				PRODUCT_NAME = "$(TARGET_NAME)";
			};
			name = Debug;
		};
		745881D11BE747690062FCC2 /* Release */ = {
			isa = XCBuildConfiguration;
			buildSettings = {
				ASSETCATALOG_COMPILER_APPICON_NAME = AppIcon;
				ASSETCATALOG_COMPILER_LAUNCHIMAGE_NAME = BrandAsset;
				INFOPLIST_FILE = Nearby/Info.plist;
				IPHONEOS_DEPLOYMENT_TARGET = 7.1;
				LD_RUNPATH_SEARCH_PATHS = "$(inherited) @executable_path/Frameworks";
				PRODUCT_BUNDLE_IDENTIFIER = EL.Nearby;
				PRODUCT_NAME = "$(TARGET_NAME)";
			};
			name = Release;
		};
		745881D31BE747690062FCC2 /* Debug */ = {
			isa = XCBuildConfiguration;
			buildSettings = {
				BUNDLE_LOADER = "$(TEST_HOST)";
				INFOPLIST_FILE = NearbyTests/Info.plist;
				LD_RUNPATH_SEARCH_PATHS = "$(inherited) @executable_path/Frameworks @loader_path/Frameworks";
				PRODUCT_BUNDLE_IDENTIFIER = EL.NearbyTests;
				PRODUCT_NAME = "$(TARGET_NAME)";
				TEST_HOST = "$(BUILT_PRODUCTS_DIR)/Nearby.app/Nearby";
			};
			name = Debug;
		};
		745881D41BE747690062FCC2 /* Release */ = {
			isa = XCBuildConfiguration;
			buildSettings = {
				BUNDLE_LOADER = "$(TEST_HOST)";
				INFOPLIST_FILE = NearbyTests/Info.plist;
				LD_RUNPATH_SEARCH_PATHS = "$(inherited) @executable_path/Frameworks @loader_path/Frameworks";
				PRODUCT_BUNDLE_IDENTIFIER = EL.NearbyTests;
				PRODUCT_NAME = "$(TARGET_NAME)";
				TEST_HOST = "$(BUILT_PRODUCTS_DIR)/Nearby.app/Nearby";
			};
			name = Release;
		};
		745881D61BE747690062FCC2 /* Debug */ = {
			isa = XCBuildConfiguration;
			buildSettings = {
				INFOPLIST_FILE = NearbyUITests/Info.plist;
				LD_RUNPATH_SEARCH_PATHS = "$(inherited) @executable_path/Frameworks @loader_path/Frameworks";
				PRODUCT_BUNDLE_IDENTIFIER = EL.NearbyUITests;
				PRODUCT_NAME = "$(TARGET_NAME)";
				TEST_TARGET_NAME = Nearby;
				USES_XCTRUNNER = YES;
			};
			name = Debug;
		};
		745881D71BE747690062FCC2 /* Release */ = {
			isa = XCBuildConfiguration;
			buildSettings = {
				INFOPLIST_FILE = NearbyUITests/Info.plist;
				LD_RUNPATH_SEARCH_PATHS = "$(inherited) @executable_path/Frameworks @loader_path/Frameworks";
				PRODUCT_BUNDLE_IDENTIFIER = EL.NearbyUITests;
				PRODUCT_NAME = "$(TARGET_NAME)";
				TEST_TARGET_NAME = Nearby;
				USES_XCTRUNNER = YES;
			};
			name = Release;
		};
/* End XCBuildConfiguration section */

/* Begin XCConfigurationList section */
		7458819D1BE747670062FCC2 /* Build configuration list for PBXProject "Nearby" */ = {
			isa = XCConfigurationList;
			buildConfigurations = (
				745881CD1BE747690062FCC2 /* Debug */,
				745881CE1BE747690062FCC2 /* Release */,
			);
			defaultConfigurationIsVisible = 0;
			defaultConfigurationName = Release;
		};
		745881CF1BE747690062FCC2 /* Build configuration list for PBXNativeTarget "Nearby" */ = {
			isa = XCConfigurationList;
			buildConfigurations = (
				745881D01BE747690062FCC2 /* Debug */,
				745881D11BE747690062FCC2 /* Release */,
			);
			defaultConfigurationIsVisible = 0;
			defaultConfigurationName = Release;
		};
		745881D21BE747690062FCC2 /* Build configuration list for PBXNativeTarget "NearbyTests" */ = {
			isa = XCConfigurationList;
			buildConfigurations = (
				745881D31BE747690062FCC2 /* Debug */,
				745881D41BE747690062FCC2 /* Release */,
			);
			defaultConfigurationIsVisible = 0;
			defaultConfigurationName = Release;
		};
		745881D51BE747690062FCC2 /* Build configuration list for PBXNativeTarget "NearbyUITests" */ = {
			isa = XCConfigurationList;
			buildConfigurations = (
				745881D61BE747690062FCC2 /* Debug */,
				745881D71BE747690062FCC2 /* Release */,
			);
			defaultConfigurationIsVisible = 0;
			defaultConfigurationName = Release;
		};
/* End XCConfigurationList section */
	};
	rootObject = 7458819A1BE747670062FCC2 /* Project object */;
}
